
Microsoft Visual Studio Solution File, Format Version 12.00
# Visual Studio 15
VisualStudioVersion = 15.0.28307.1433
MinimumVisualStudioVersion = 10.0.40219.1
Project("{FAE04EC0-301F-11D3-BF4B-00C04F79EFBC}") = "SPSSUploadTest", "SPSSUploadTest\SPSSUploadTest.csproj", "{D1089CEC-B066-46FD-A906-4AD9D5CF1114}"
EndProject
Global
	GlobalSection(SolutionConfigurationPlatforms) = preSolution
		Debug|Any CPU = Debug|Any CPU
		Release|Any CPU = Release|Any CPU
	EndGlobalSection
	GlobalSection(ProjectConfigurationPlatforms) = postSolution
		{D1089CEC-B066-46FD-A906-4AD9D5CF1114}.Debug|Any CPU.ActiveCfg = Debug|Any CPU
		{D1089CEC-B066-46FD-A906-4AD9D5CF1114}.Debug|Any CPU.Build.0 = Debug|Any CPU
		{D1089CEC-B066-46FD-A906-4AD9D5CF1114}.Release|Any CPU.ActiveCfg = Release|Any CPU
		{D1089CEC-B066-46FD-A906-4AD9D5CF1114}.Release|Any CPU.Build.0 = Release|Any CPU
	EndGlobalSection
	GlobalSection(SolutionProperties) = preSolution
		HideSolutionNode = FALSE
	EndGlobalSection
	GlobalSection(ExtensibilityGlobals) = postSolution
		SolutionGuid = {F3AD6832-EA24-4ED7-AEC8-3BEB18B7B382}
	EndGlobalSection
EndGlobal
